
Microsoft Visual Studio Solution File, Format Version 12.00
# Visual Studio Version 16
VisualStudioVersion = 16.0.30717.126
MinimumVisualStudioVersion = 10.0.40219.1
Project("{FAE04EC0-301F-11D3-BF4B-00C04F79EFBC}") = "PrismPages", "PrismPages\PrismPages.csproj", "{5035B491-1B5B-4A6C-9FD0-FF80D1DE88D5}"
EndProject
Project("{FAE04EC0-301F-11D3-BF4B-00C04F79EFBC}") = "PrismPages.Android", "PrismPages.Android\PrismPages.Android.csproj", "{D036E065-4B43-4876-A4F2-B1EC91AC7AD7}"
EndProject
Project("{FAE04EC0-301F-11D3-BF4B-00C04F79EFBC}") = "PrismPages.iOS", "PrismPages.iOS\PrismPages.iOS.csproj", "{4960A3A1-477F-415C-ABFE-A5AFAD2E1368}"
EndProject
Global
	GlobalSection(SolutionConfigurationPlatforms) = preSolution
		Ad-Hoc|Any CPU = Ad-Hoc|Any CPU
		Ad-Hoc|iPhone = Ad-Hoc|iPhone
		Ad-Hoc|iPhoneSimulator = Ad-Hoc|iPhoneSimulator
		AppStore|Any CPU = AppStore|Any CPU
		AppStore|iPhone = AppStore|iPhone
		AppStore|iPhoneSimulator = AppStore|iPhoneSimulator
		Debug|Any CPU = Debug|Any CPU
		Debug|iPhone = Debug|iPhone
		Debug|iPhoneSimulator = Debug|iPhoneSimulator
		Release|Any CPU = Release|Any CPU
		Release|iPhone = Release|iPhone
		Release|iPhoneSimulator = Release|iPhoneSimulator
	EndGlobalSection
	GlobalSection(ProjectConfigurationPlatforms) = postSolution
		{5035B491-1B5B-4A6C-9FD0-FF80D1DE88D5}.Ad-Hoc|Any CPU.ActiveCfg = Debug|Any CPU
		{5035B491-1B5B-4A6C-9FD0-FF80D1DE88D5}.Ad-Hoc|Any CPU.Build.0 = Debug|Any CPU
		{5035B491-1B5B-4A6C-9FD0-FF80D1DE88D5}.Ad-Hoc|iPhone.ActiveCfg = Debug|Any CPU
		{5035B491-1B5B-4A6C-9FD0-FF80D1DE88D5}.Ad-Hoc|iPhone.Build.0 = Debug|Any CPU
		{5035B491-1B5B-4A6C-9FD0-FF80D1DE88D5}.Ad-Hoc|iPhoneSimulator.ActiveCfg = Debug|Any CPU
		{5035B491-1B5B-4A6C-9FD0-FF80D1DE88D5}.Ad-Hoc|iPhoneSimulator.Build.0 = Debug|Any CPU
		{5035B491-1B5B-4A6C-9FD0-FF80D1DE88D5}.AppStore|Any CPU.ActiveCfg = Debug|Any CPU
		{5035B491-1B5B-4A6C-9FD0-FF80D1DE88D5}.AppStore|Any CPU.Build.0 = Debug|Any CPU
		{5035B491-1B5B-4A6C-9FD0-FF80D1DE88D5}.AppStore|iPhone.ActiveCfg = Debug|Any CPU
		{5035B491-1B5B-4A6C-9FD0-FF80D1DE88D5}.AppStore|iPhone.Build.0 = Debug|Any CPU
		{5035B491-1B5B-4A6C-9FD0-FF80D1DE88D5}.AppStore|iPhoneSimulator.ActiveCfg = Debug|Any CPU
		{5035B491-1B5B-4A6C-9FD0-FF80D1DE88D5}.AppStore|iPhoneSimulator.Build.0 = Debug|Any CPU
		{5035B491-1B5B-4A6C-9FD0-FF80D1DE88D5}.Debug|Any CPU.ActiveCfg = Debug|Any CPU
		{5035B491-1B5B-4A6C-9FD0-FF80D1DE88D5}.Debug|Any CPU.Build.0 = Debug|Any CPU
		{5035B491-1B5B-4A6C-9FD0-FF80D1DE88D5}.Debug|iPhone.ActiveCfg = Debug|Any CPU
		{5035B491-1B5B-4A6C-9FD0-FF80D1DE88D5}.Debug|iPhone.Build.0 = Debug|Any CPU
		{5035B491-1B5B-4A6C-9FD0-FF80D1DE88D5}.Debug|iPhoneSimulator.ActiveCfg = Debug|Any CPU
		{5035B491-1B5B-4A6C-9FD0-FF80D1DE88D5}.Debug|iPhoneSimulator.Build.0 = Debug|Any CPU
		{5035B491-1B5B-4A6C-9FD0-FF80D1DE88D5}.Release|Any CPU.ActiveCfg = Release|Any CPU
		{5035B491-1B5B-4A6C-9FD0-FF80D1DE88D5}.Release|Any CPU.Build.0 = Release|Any CPU
		{5035B491-1B5B-4A6C-9FD0-FF80D1DE88D5}.Release|iPhone.ActiveCfg = Release|Any CPU
		{5035B491-1B5B-4A6C-9FD0-FF80D1DE88D5}.Release|iPhone.Build.0 = Release|Any CPU
		{5035B491-1B5B-4A6C-9FD0-FF80D1DE88D5}.Release|iPhoneSimulator.ActiveCfg = Release|Any CPU
		{5035B491-1B5B-4A6C-9FD0-FF80D1DE88D5}.Release|iPhoneSimulator.Build.0 = Release|Any CPU
		{D036E065-4B43-4876-A4F2-B1EC91AC7AD7}.Ad-Hoc|Any CPU.ActiveCfg = Debug|Any CPU
		{D036E065-4B43-4876-A4F2-B1EC91AC7AD7}.Ad-Hoc|Any CPU.Build.0 = Debug|Any CPU
		{D036E065-4B43-4876-A4F2-B1EC91AC7AD7}.Ad-Hoc|Any CPU.Deploy.0 = Debug|Any CPU
		{D036E065-4B43-4876-A4F2-B1EC91AC7AD7}.Ad-Hoc|iPhone.ActiveCfg = Debug|Any CPU
		{D036E065-4B43-4876-A4F2-B1EC91AC7AD7}.Ad-Hoc|iPhone.Build.0 = Debug|Any CPU
		{D036E065-4B43-4876-A4F2-B1EC91AC7AD7}.Ad-Hoc|iPhone.Deploy.0 = Debug|Any CPU
		{D036E065-4B43-4876-A4F2-B1EC91AC7AD7}.Ad-Hoc|iPhoneSimulator.ActiveCfg = Debug|Any CPU
		{D036E065-4B43-4876-A4F2-B1EC91AC7AD7}.Ad-Hoc|iPhoneSimulator.Build.0 = Debug|Any CPU
		{D036E065-4B43-4876-A4F2-B1EC91AC7AD7}.Ad-Hoc|iPhoneSimulator.Deploy.0 = Debug|Any CPU
		{D036E065-4B43-4876-A4F2-B1EC91AC7AD7}.AppStore|Any CPU.ActiveCfg = Debug|Any CPU
		{D036E065-4B43-4876-A4F2-B1EC91AC7AD7}.AppStore|Any CPU.Build.0 = Debug|Any CPU
		{D036E065-4B43-4876-A4F2-B1EC91AC7AD7}.AppStore|Any CPU.Deploy.0 = Debug|Any CPU
		{D036E065-4B43-4876-A4F2-B1EC91AC7AD7}.AppStore|iPhone.ActiveCfg = Debug|Any CPU
		{D036E065-4B43-4876-A4F2-B1EC91AC7AD7}.AppStore|iPhone.Build.0 = Debug|Any CPU
		{D036E065-4B43-4876-A4F2-B1EC91AC7AD7}.AppStore|iPhone.Deploy.0 = Debug|Any CPU
		{D036E065-4B43-4876-A4F2-B1EC91AC7AD7}.AppStore|iPhoneSimulator.ActiveCfg = Debug|Any CPU
		{D036E065-4B43-4876-A4F2-B1EC91AC7AD7}.AppStore|iPhoneSimulator.Build.0 = Debug|Any CPU
		{D036E065-4B43-4876-A4F2-B1EC91AC7AD7}.AppStore|iPhoneSimulator.Deploy.0 = Debug|Any CPU
		{D036E065-4B43-4876-A4F2-B1EC91AC7AD7}.Debug|Any CPU.ActiveCfg = Debug|Any CPU
		{D036E065-4B43-4876-A4F2-B1EC91AC7AD7}.Debug|Any CPU.Build.0 = Debug|Any CPU
		{D036E065-4B43-4876-A4F2-B1EC91AC7AD7}.Debug|Any CPU.Deploy.0 = Debug|Any CPU
		{D036E065-4B43-4876-A4F2-B1EC91AC7AD7}.Debug|iPhone.ActiveCfg = Debug|Any CPU
		{D036E065-4B43-4876-A4F2-B1EC91AC7AD7}.Debug|iPhone.Build.0 = Debug|Any CPU
		{D036E065-4B43-4876-A4F2-B1EC91AC7AD7}.Debug|iPhone.Deploy.0 = Debug|Any CPU
		{D036E065-4B43-4876-A4F2-B1EC91AC7AD7}.Debug|iPhoneSimulator.ActiveCfg = Debug|Any CPU
		{D036E065-4B43-4876-A4F2-B1EC91AC7AD7}.Debug|iPhoneSimulator.Build.0 = Debug|Any CPU
		{D036E065-4B43-4876-A4F2-B1EC91AC7AD7}.Debug|iPhoneSimulator.Deploy.0 = Debug|Any CPU
		{D036E065-4B43-4876-A4F2-B1EC91AC7AD7}.Release|Any CPU.ActiveCfg = Release|Any CPU
		{D036E065-4B43-4876-A4F2-B1EC91AC7AD7}.Release|Any CPU.Build.0 = Release|Any CPU
		{D036E065-4B43-4876-A4F2-B1EC91AC7AD7}.Release|Any CPU.Deploy.0 = Release|Any CPU
		{D036E065-4B43-4876-A4F2-B1EC91AC7AD7}.Release|iPhone.ActiveCfg = Release|Any CPU
		{D036E065-4B43-4876-A4F2-B1EC91AC7AD7}.Release|iPhone.Build.0 = Release|Any CPU
		{D036E065-4B43-4876-A4F2-B1EC91AC7AD7}.Release|iPhone.Deploy.0 = Release|Any CPU
		{D036E065-4B43-4876-A4F2-B1EC91AC7AD7}.Release|iPhoneSimulator.ActiveCfg = Release|Any CPU
		{D036E065-4B43-4876-A4F2-B1EC91AC7AD7}.Release|iPhoneSimulator.Build.0 = Release|Any CPU
		{D036E065-4B43-4876-A4F2-B1EC91AC7AD7}.Release|iPhoneSimulator.Deploy.0 = Release|Any CPU
		{4960A3A1-477F-415C-ABFE-A5AFAD2E1368}.Ad-Hoc|Any CPU.ActiveCfg = Ad-Hoc|iPhoneSimulator
		{4960A3A1-477F-415C-ABFE-A5AFAD2E1368}.Ad-Hoc|iPhone.ActiveCfg = Ad-Hoc|iPhone
		{4960A3A1-477F-415C-ABFE-A5AFAD2E1368}.Ad-Hoc|iPhone.Build.0 = Ad-Hoc|iPhone
		{4960A3A1-477F-415C-ABFE-A5AFAD2E1368}.Ad-Hoc|iPhoneSimulator.ActiveCfg = Ad-Hoc|iPhoneSimulator
		{4960A3A1-477F-415C-ABFE-A5AFAD2E1368}.Ad-Hoc|iPhoneSimulator.Build.0 = Ad-Hoc|iPhoneSimulator
		{4960A3A1-477F-415C-ABFE-A5AFAD2E1368}.AppStore|Any CPU.ActiveCfg = AppStore|iPhoneSimulator
		{4960A3A1-477F-415C-ABFE-A5AFAD2E1368}.AppStore|iPhone.ActiveCfg = AppStore|iPhone
		{4960A3A1-477F-415C-ABFE-A5AFAD2E1368}.AppStore|iPhone.Build.0 = AppStore|iPhone
		{4960A3A1-477F-415C-ABFE-A5AFAD2E1368}.AppStore|iPhoneSimulator.ActiveCfg = AppStore|iPhoneSimulator
		{4960A3A1-477F-415C-ABFE-A5AFAD2E1368}.AppStore|iPhoneSimulator.Build.0 = AppStore|iPhoneSimulator
		{4960A3A1-477F-415C-ABFE-A5AFAD2E1368}.Debug|Any CPU.ActiveCfg = Debug|iPhoneSimulator
		{4960A3A1-477F-415C-ABFE-A5AFAD2E1368}.Debug|iPhone.ActiveCfg = Debug|iPhone
		{4960A3A1-477F-415C-ABFE-A5AFAD2E1368}.Debug|iPhone.Build.0 = Debug|iPhone
		{4960A3A1-477F-415C-ABFE-A5AFAD2E1368}.Debug|iPhoneSimulator.ActiveCfg = Debug|iPhoneSimulator
		{4960A3A1-477F-415C-ABFE-A5AFAD2E1368}.Debug|iPhoneSimulator.Build.0 = Debug|iPhoneSimulator
		{4960A3A1-477F-415C-ABFE-A5AFAD2E1368}.Release|Any CPU.ActiveCfg = Release|iPhoneSimulator
		{4960A3A1-477F-415C-ABFE-A5AFAD2E1368}.Release|iPhone.ActiveCfg = Release|iPhone
		{4960A3A1-477F-415C-ABFE-A5AFAD2E1368}.Release|iPhone.Build.0 = Release|iPhone
		{4960A3A1-477F-415C-ABFE-A5AFAD2E1368}.Release|iPhoneSimulator.ActiveCfg = Release|iPhoneSimulator
		{4960A3A1-477F-415C-ABFE-A5AFAD2E1368}.Release|iPhoneSimulator.Build.0 = Release|iPhoneSimulator
	EndGlobalSection
	GlobalSection(SolutionProperties) = preSolution
		HideSolutionNode = FALSE
	EndGlobalSection
	GlobalSection(ExtensibilityGlobals) = postSolution
		SolutionGuid = {893D1A6B-E6AB-4FB8-A921-5476D810ED45}
	EndGlobalSection
EndGlobal
